
Microsoft Visual Studio Solution File, Format Version 12.00
# Visual Studio Version 17
VisualStudioVersion = 17.14.36511.14 d17.14
MinimumVisualStudioVersion = 10.0.40219.1
Project("{FAE04EC0-301F-11D3-BF4B-00C04F79EFBC}") = "MusicSharing.Api", "MusicSharing.Api\MusicSharing.Api.csproj", "{1530BCCA-3026-47EC-B043-F592F8515448}"
EndProject
Global
	GlobalSection(SolutionConfigurationPlatforms) = preSolution
		Debug|Any CPU = Debug|Any CPU
		Release|Any CPU = Release|Any CPU
	EndGlobalSection
	GlobalSection(ProjectConfigurationPlatforms) = postSolution
		{1530BCCA-3026-47EC-B043-F592F8515448}.Debug|Any CPU.ActiveCfg = Debug|Any CPU
		{1530BCCA-3026-47EC-B043-F592F8515448}.Debug|Any CPU.Build.0 = Debug|Any CPU
		{1530BCCA-3026-47EC-B043-F592F8515448}.Release|Any CPU.ActiveCfg = Release|Any CPU
		{1530BCCA-3026-47EC-B043-F592F8515448}.Release|Any CPU.Build.0 = Release|Any CPU
	EndGlobalSection
	GlobalSection(SolutionProperties) = preSolution
		HideSolutionNode = FALSE
	EndGlobalSection
	GlobalSection(ExtensibilityGlobals) = postSolution
		SolutionGuid = {8E0E29A9-6732-40DB-82FC-D8F3A352C584}
	EndGlobalSection
EndGlobal
